// !$*UTF8*$!
{
	archiveVersion = 1;
	classes = {
	};
	objectVersion = 48;
	objects = {

/* Begin PBXBuildFile section */
		1B9594E720D505E900121DC2 /* AppDelegate.m in Sources */ = {isa = PBXBuildFile; fileRef = 1B9594E620D505E900121DC2 /* AppDelegate.m */; };
		1B9594EA20D505E900121DC2 /* ViewController.m in Sources */ = {isa = PBXBuildFile; fileRef = 1B9594E920D505E900121DC2 /* ViewController.m */; };
		1B9594ED20D505E900121DC2 /* Main.storyboard in Resources */ = {isa = PBXBuildFile; fileRef = 1B9594EB20D505E900121DC2 /* Main.storyboard */; };
		1B9594EF20D505E900121DC2 /* Assets.xcassets in Resources */ = {isa = PBXBuildFile; fileRef = 1B9594EE20D505E900121DC2 /* Assets.xcassets */; };
		1B9594F220D505E900121DC2 /* LaunchScreen.storyboard in Resources */ = {isa = PBXBuildFile; fileRef = 1B9594F020D505E900121DC2 /* LaunchScreen.storyboard */; };
		1B9594F520D505E900121DC2 /* main.m in Sources */ = {isa = PBXBuildFile; fileRef = 1B9594F420D505E900121DC2 /* main.m */; };
		1B9594FF20D505E900121DC2 /* _____Tests.m in Sources */ = {isa = PBXBuildFile; fileRef = 1B9594FE20D505E900121DC2 /* _____Tests.m */; };
		1B95950A20D505E900121DC2 /* _____UITests.m in Sources */ = {isa = PBXBuildFile; fileRef = 1B95950920D505E900121DC2 /* _____UITests.m */; };
		1B95951920D5062D00121DC2 /* LDDownloader.m in Sources */ = {isa = PBXBuildFile; fileRef = 1B95951820D5062D00121DC2 /* LDDownloader.m */; };
		1BBEE2F820D913020016570F /* LDDownloaderManager.m in Sources */ = {isa = PBXBuildFile; fileRef = 1BBEE2F720D913020016570F /* LDDownloaderManager.m */; };
/* End PBXBuildFile section */

/* Begin PBXContainerItemProxy section */
		1B9594FB20D505E900121DC2 /* PBXContainerItemProxy */ = {
			isa = PBXContainerItemProxy;
			containerPortal = 1B9594DA20D505E900121DC2 /* Project object */;
			proxyType = 1;
			remoteGlobalIDString = 1B9594E120D505E900121DC2;
			remoteInfo = "下载管理器";
		};
		1B95950620D505E900121DC2 /* PBXContainerItemProxy */ = {
			isa = PBXContainerItemProxy;
			containerPortal = 1B9594DA20D505E900121DC2 /* Project object */;
			proxyType = 1;
			remoteGlobalIDString = 1B9594E120D505E900121DC2;
			remoteInfo = "下载管理器";
		};
/* End PBXContainerItemProxy section */

/* Begin PBXFileReference section */
		1B9594E220D505E900121DC2 /* 下载管理器.app */ = {isa = PBXFileReference; explicitFileType = wrapper.application; includeInIndex = 0; path = "下载管理器.app"; sourceTree = BUILT_PRODUCTS_DIR; };
		1B9594E520D505E900121DC2 /* AppDelegate.h */ = {isa = PBXFileReference; lastKnownFileType = sourcecode.c.h; path = AppDelegate.h; sourceTree = "<group>"; };
		1B9594E620D505E900121DC2 /* AppDelegate.m */ = {isa = PBXFileReference; lastKnownFileType = sourcecode.c.objc; path = AppDelegate.m; sourceTree = "<group>"; };
		1B9594E820D505E900121DC2 /* ViewController.h */ = {isa = PBXFileReference; lastKnownFileType = sourcecode.c.h; path = ViewController.h; sourceTree = "<group>"; };
		1B9594E920D505E900121DC2 /* ViewController.m */ = {isa = PBXFileReference; lastKnownFileType = sourcecode.c.objc; path = ViewController.m; sourceTree = "<group>"; };
		1B9594EC20D505E900121DC2 /* Base */ = {isa = PBXFileReference; lastKnownFileType = file.storyboard; name = Base; path = Base.lproj/Main.storyboard; sourceTree = "<group>"; };
		1B9594EE20D505E900121DC2 /* Assets.xcassets */ = {isa = PBXFileReference; lastKnownFileType = folder.assetcatalog; path = Assets.xcassets; sourceTree = "<group>"; };
		1B9594F120D505E900121DC2 /* Base */ = {isa = PBXFileReference; lastKnownFileType = file.storyboard; name = Base; path = Base.lproj/LaunchScreen.storyboard; sourceTree = "<group>"; };
		1B9594F320D505E900121DC2 /* Info.plist */ = {isa = PBXFileReference; lastKnownFileType = text.plist.xml; path = Info.plist; sourceTree = "<group>"; };
		1B9594F420D505E900121DC2 /* main.m */ = {isa = PBXFileReference; lastKnownFileType = sourcecode.c.objc; path = main.m; sourceTree = "<group>"; };
		1B9594FA20D505E900121DC2 /* 下载管理器Tests.xctest */ = {isa = PBXFileReference; explicitFileType = wrapper.cfbundle; includeInIndex = 0; path = "下载管理器Tests.xctest"; sourceTree = BUILT_PRODUCTS_DIR; };
		1B9594FE20D505E900121DC2 /* _____Tests.m */ = {isa = PBXFileReference; lastKnownFileType = sourcecode.c.objc; path = "_____Tests.m"; sourceTree = "<group>"; };
		1B95950020D505E900121DC2 /* Info.plist */ = {isa = PBXFileReference; lastKnownFileType = text.plist.xml; path = Info.plist; sourceTree = "<group>"; };
		1B95950520D505E900121DC2 /* 下载管理器UITests.xctest */ = {isa = PBXFileReference; explicitFileType = wrapper.cfbundle; includeInIndex = 0; path = "下载管理器UITests.xctest"; sourceTree = BUILT_PRODUCTS_DIR; };
		1B95950920D505E900121DC2 /* _____UITests.m */ = {isa = PBXFileReference; lastKnownFileType = sourcecode.c.objc; path = "_____UITests.m"; sourceTree = "<group>"; };
		1B95950B20D505E900121DC2 /* Info.plist */ = {isa = PBXFileReference; lastKnownFileType = text.plist.xml; path = Info.plist; sourceTree = "<group>"; };
		1B95951720D5062D00121DC2 /* LDDownloader.h */ = {isa = PBXFileReference; lastKnownFileType = sourcecode.c.h; path = LDDownloader.h; sourceTree = "<group>"; };
		1B95951820D5062D00121DC2 /* LDDownloader.m */ = {isa = PBXFileReference; lastKnownFileType = sourcecode.c.objc; path = LDDownloader.m; sourceTree = "<group>"; };
		1BBEE2F620D913020016570F /* LDDownloaderManager.h */ = {isa = PBXFileReference; lastKnownFileType = sourcecode.c.h; path = LDDownloaderManager.h; sourceTree = "<group>"; };
		1BBEE2F720D913020016570F /* LDDownloaderManager.m */ = {isa = PBXFileReference; lastKnownFileType = sourcecode.c.objc; path = LDDownloaderManager.m; sourceTree = "<group>"; };
/* End PBXFileReference section */

/* Begin PBXFrameworksBuildPhase section */
		1B9594DF20D505E900121DC2 /* Frameworks */ = {
			isa = PBXFrameworksBuildPhase;
			buildActionMask = 2147483647;
			files = (
			);
			runOnlyForDeploymentPostprocessing = 0;
		};
		1B9594F720D505E900121DC2 /* Frameworks */ = {
			isa = PBXFrameworksBuildPhase;
			buildActionMask = 2147483647;
			files = (
			);
			runOnlyForDeploymentPostprocessing = 0;
		};
		1B95950220D505E900121DC2 /* Frameworks */ = {
			isa = PBXFrameworksBuildPhase;
			buildActionMask = 2147483647;
			files = (
			);
			runOnlyForDeploymentPostprocessing = 0;
		};
/* End PBXFrameworksBuildPhase section */

/* Begin PBXGroup section */
		1B9594D920D505E900121DC2 = {
			isa = PBXGroup;
			children = (
				1B9594E420D505E900121DC2 /* 下载管理器 */,
				1B9594FD20D505E900121DC2 /* 下载管理器Tests */,
				1B95950820D505E900121DC2 /* 下载管理器UITests */,
				1B9594E320D505E900121DC2 /* Products */,
			);
			sourceTree = "<group>";
		};
		1B9594E320D505E900121DC2 /* Products */ = {
			isa = PBXGroup;
			children = (
				1B9594E220D505E900121DC2 /* 下载管理器.app */,
				1B9594FA20D505E900121DC2 /* 下载管理器Tests.xctest */,
				1B95950520D505E900121DC2 /* 下载管理器UITests.xctest */,
			);
			name = Products;
			sourceTree = "<group>";
		};
		1B9594E420D505E900121DC2 /* 下载管理器 */ = {
			isa = PBXGroup;
			children = (
				1B9594E520D505E900121DC2 /* AppDelegate.h */,
				1BBEE2F620D913020016570F /* LDDownloaderManager.h */,
				1BBEE2F720D913020016570F /* LDDownloaderManager.m */,
				1B9594E620D505E900121DC2 /* AppDelegate.m */,
				1B9594E820D505E900121DC2 /* ViewController.h */,
				1B9594E920D505E900121DC2 /* ViewController.m */,
				1B9594EB20D505E900121DC2 /* Main.storyboard */,
				1B9594EE20D505E900121DC2 /* Assets.xcassets */,
				1B9594F020D505E900121DC2 /* LaunchScreen.storyboard */,
				1B9594F320D505E900121DC2 /* Info.plist */,
				1B9594F420D505E900121DC2 /* main.m */,
				1B95951720D5062D00121DC2 /* LDDownloader.h */,
				1B95951820D5062D00121DC2 /* LDDownloader.m */,
			);
			path = "下载管理器";
			sourceTree = "<group>";
		};
		1B9594FD20D505E900121DC2 /* 下载管理器Tests */ = {
			isa = PBXGroup;
			children = (
				1B9594FE20D505E900121DC2 /* _____Tests.m */,
				1B95950020D505E900121DC2 /* Info.plist */,
			);
			path = "下载管理器Tests";
			sourceTree = "<group>";
		};
		1B95950820D505E900121DC2 /* 下载管理器UITests */ = {
			isa = PBXGroup;
			children = (
				1B95950920D505E900121DC2 /* _____UITests.m */,
				1B95950B20D505E900121DC2 /* Info.plist */,
			);
			path = "下载管理器UITests";
			sourceTree = "<group>";
		};
/* End PBXGroup section */

/* Begin PBXNativeTarget section */
		1B9594E120D505E900121DC2 /* 下载管理器 */ = {
			isa = PBXNativeTarget;
			buildConfigurationList = 1B95950E20D505E900121DC2 /* Build configuration list for PBXNativeTarget "下载管理器" */;
			buildPhases = (
				1B9594DE20D505E900121DC2 /* Sources */,
				1B9594DF20D505E900121DC2 /* Frameworks */,
				1B9594E020D505E900121DC2 /* Resources */,
			);
			buildRules = (
			);
			dependencies = (
			);
			name = "下载管理器";
			productName = "下载管理器";
			productReference = 1B9594E220D505E900121DC2 /* 下载管理器.app */;
			productType = "com.apple.product-type.application";
		};
		1B9594F920D505E900121DC2 /* 下载管理器Tests */ = {
			isa = PBXNativeTarget;
			buildConfigurationList = 1B95951120D505E900121DC2 /* Build configuration list for PBXNativeTarget "下载管理器Tests" */;
			buildPhases = (
				1B9594F620D505E900121DC2 /* Sources */,
				1B9594F720D505E900121DC2 /* Frameworks */,
				1B9594F820D505E900121DC2 /* Resources */,
			);
			buildRules = (
			);
			dependencies = (
				1B9594FC20D505E900121DC2 /* PBXTargetDependency */,
			);
			name = "下载管理器Tests";
			productName = "下载管理器Tests";
			productReference = 1B9594FA20D505E900121DC2 /* 下载管理器Tests.xctest */;
			productType = "com.apple.product-type.bundle.unit-test";
		};
		1B95950420D505E900121DC2 /* 下载管理器UITests */ = {
			isa = PBXNativeTarget;
			buildConfigurationList = 1B95951420D505E900121DC2 /* Build configuration list for PBXNativeTarget "下载管理器UITests" */;
			buildPhases = (
				1B95950120D505E900121DC2 /* Sources */,
				1B95950220D505E900121DC2 /* Frameworks */,
				1B95950320D505E900121DC2 /* Resources */,
			);
			buildRules = (
			);
			dependencies = (
				1B95950720D505E900121DC2 /* PBXTargetDependency */,
			);
			name = "下载管理器UITests";
			productName = "下载管理器UITests";
			productReference = 1B95950520D505E900121DC2 /* 下载管理器UITests.xctest */;
			productType = "com.apple.product-type.bundle.ui-testing";
		};
/* End PBXNativeTarget section */

/* Begin PBXProject section */
		1B9594DA20D505E900121DC2 /* Project object */ = {
			isa = PBXProject;
			attributes = {
				LastUpgradeCheck = 0920;
				ORGANIZATIONNAME = "陈小双";
				TargetAttributes = {
					1B9594E120D505E900121DC2 = {
						CreatedOnToolsVersion = 9.2;
						ProvisioningStyle = Automatic;
					};
					1B9594F920D505E900121DC2 = {
						CreatedOnToolsVersion = 9.2;
						ProvisioningStyle = Automatic;
						TestTargetID = 1B9594E120D505E900121DC2;
					};
					1B95950420D505E900121DC2 = {
						CreatedOnToolsVersion = 9.2;
						ProvisioningStyle = Automatic;
						TestTargetID = 1B9594E120D505E900121DC2;
					};
				};
			};
			buildConfigurationList = 1B9594DD20D505E900121DC2 /* Build configuration list for PBXProject "下载管理器" */;
			compatibilityVersion = "Xcode 8.0";
			developmentRegion = en;
			hasScannedForEncodings = 0;
			knownRegions = (
				en,
				Base,
			);
			mainGroup = 1B9594D920D505E900121DC2;
			productRefGroup = 1B9594E320D505E900121DC2 /* Products */;
			projectDirPath = "";
			projectRoot = "";
			targets = (
				1B9594E120D505E900121DC2 /* 下载管理器 */,
				1B9594F920D505E900121DC2 /* 下载管理器Tests */,
				1B95950420D505E900121DC2 /* 下载管理器UITests */,
			);
		};
/* End PBXProject section */

/* Begin PBXResourcesBuildPhase section */
		1B9594E020D505E900121DC2 /* Resources */ = {
			isa = PBXResourcesBuildPhase;
			buildActionMask = 2147483647;
			files = (
				1B9594F220D505E900121DC2 /* LaunchScreen.storyboard in Resources */,
				1B9594EF20D505E900121DC2 /* Assets.xcassets in Resources */,
				1B9594ED20D505E900121DC2 /* Main.storyboard in Resources */,
			);
			runOnlyForDeploymentPostprocessing = 0;
		};
		1B9594F820D505E900121DC2 /* Resources */ = {
			isa = PBXResourcesBuildPhase;
			buildActionMask = 2147483647;
			files = (
			);
			runOnlyForDeploymentPostprocessing = 0;
		};
		1B95950320D505E900121DC2 /* Resources */ = {
			isa = PBXResourcesBuildPhase;
			buildActionMask = 2147483647;
			files = (
			);
			runOnlyForDeploymentPostprocessing = 0;
		};
/* End PBXResourcesBuildPhase section */

/* Begin PBXSourcesBuildPhase section */
		1B9594DE20D505E900121DC2 /* Sources */ = {
			isa = PBXSourcesBuildPhase;
			buildActionMask = 2147483647;
			files = (
				1B95951920D5062D00121DC2 /* LDDownloader.m in Sources */,
				1BBEE2F820D913020016570F /* LDDownloaderManager.m in Sources */,
				1B9594EA20D505E900121DC2 /* ViewController.m in Sources */,
				1B9594F520D505E900121DC2 /* main.m in Sources */,
				1B9594E720D505E900121DC2 /* AppDelegate.m in Sources */,
			);
			runOnlyForDeploymentPostprocessing = 0;
		};
		1B9594F620D505E900121DC2 /* Sources */ = {
			isa = PBXSourcesBuildPhase;
			buildActionMask = 2147483647;
			files = (
				1B9594FF20D505E900121DC2 /* _____Tests.m in Sources */,
			);
			runOnlyForDeploymentPostprocessing = 0;
		};
		1B95950120D505E900121DC2 /* Sources */ = {
			isa = PBXSourcesBuildPhase;
			buildActionMask = 2147483647;
			files = (
				1B95950A20D505E900121DC2 /* _____UITests.m in Sources */,
			);
			runOnlyForDeploymentPostprocessing = 0;
		};
/* End PBXSourcesBuildPhase section */

/* Begin PBXTargetDependency section */
		1B9594FC20D505E900121DC2 /* PBXTargetDependency */ = {
			isa = PBXTargetDependency;
			target = 1B9594E120D505E900121DC2 /* 下载管理器 */;
			targetProxy = 1B9594FB20D505E900121DC2 /* PBXContainerItemProxy */;
		};
		1B95950720D505E900121DC2 /* PBXTargetDependency */ = {
			isa = PBXTargetDependency;
			target = 1B9594E120D505E900121DC2 /* 下载管理器 */;
			targetProxy = 1B95950620D505E900121DC2 /* PBXContainerItemProxy */;
		};
/* End PBXTargetDependency section */

/* Begin PBXVariantGroup section */
		1B9594EB20D505E900121DC2 /* Main.storyboard */ = {
			isa = PBXVariantGroup;
			children = (
				1B9594EC20D505E900121DC2 /* Base */,
			);
			name = Main.storyboard;
			sourceTree = "<group>";
		};
		1B9594F020D505E900121DC2 /* LaunchScreen.storyboard */ = {
			isa = PBXVariantGroup;
			children = (
				1B9594F120D505E900121DC2 /* Base */,
			);
			name = LaunchScreen.storyboard;
			sourceTree = "<group>";
		};
/* End PBXVariantGroup section */

/* Begin XCBuildConfiguration section */
		1B95950C20D505E900121DC2 /* Debug */ = {
			isa = XCBuildConfiguration;
			buildSettings = {
				ALWAYS_SEARCH_USER_PATHS = NO;
				CLANG_ANALYZER_NONNULL = YES;
				CLANG_ANALYZER_NUMBER_OBJECT_CONVERSION = YES_AGGRESSIVE;
				CLANG_CXX_LANGUAGE_STANDARD = "gnu++14";
				CLANG_CXX_LIBRARY = "libc++";
				CLANG_ENABLE_MODULES = YES;
				CLANG_ENABLE_OBJC_ARC = YES;
				CLANG_WARN_BLOCK_CAPTURE_AUTORELEASING = YES;
				CLANG_WARN_BOOL_CONVERSION = YES;
				CLANG_WARN_COMMA = YES;
				CLANG_WARN_CONSTANT_CONVERSION = YES;
				CLANG_WARN_DIRECT_OBJC_ISA_USAGE = YES_ERROR;
				CLANG_WARN_DOCUMENTATION_COMMENTS = YES;
				CLANG_WARN_EMPTY_BODY = YES;
				CLANG_WARN_ENUM_CONVERSION = YES;
				CLANG_WARN_INFINITE_RECURSION = YES;
				CLANG_WARN_INT_CONVERSION = YES;
				CLANG_WARN_NON_LITERAL_NULL_CONVERSION = YES;
				CLANG_WARN_OBJC_LITERAL_CONVERSION = YES;
				CLANG_WARN_OBJC_ROOT_CLASS = YES_ERROR;
				CLANG_WARN_RANGE_LOOP_ANALYSIS = YES;
				CLANG_WARN_STRICT_PROTOTYPES = YES;
				CLANG_WARN_SUSPICIOUS_MOVE = YES;
				CLANG_WARN_UNGUARDED_AVAILABILITY = YES_AGGRESSIVE;
				CLANG_WARN_UNREACHABLE_CODE = YES;
				CLANG_WARN__DUPLICATE_METHOD_MATCH = YES;
				CODE_SIGN_IDENTITY = "iPhone Developer";
				COPY_PHASE_STRIP = NO;
				DEBUG_INFORMATION_FORMAT = dwarf;
				ENABLE_STRICT_OBJC_MSGSEND = YES;
				ENABLE_TESTABILITY = YES;
				GCC_C_LANGUAGE_STANDARD = gnu11;
				GCC_DYNAMIC_NO_PIC = NO;
				GCC_NO_COMMON_BLOCKS = YES;
				GCC_OPTIMIZATION_LEVEL = 0;
				GCC_PREPROCESSOR_DEFINITIONS = (
					"DEBUG=1",
					"$(inherited)",
				);
				GCC_WARN_64_TO_32_BIT_CONVERSION = YES;
				GCC_WARN_ABOUT_RETURN_TYPE = YES_ERROR;
				GCC_WARN_UNDECLARED_SELECTOR = YES;
				GCC_WARN_UNINITIALIZED_AUTOS = YES_AGGRESSIVE;
				GCC_WARN_UNUSED_FUNCTION = YES;
				GCC_WARN_UNUSED_VARIABLE = YES;
				IPHONEOS_DEPLOYMENT_TARGET = 11.2;
				MTL_ENABLE_DEBUG_INFO = YES;
				ONLY_ACTIVE_ARCH = YES;
				SDKROOT = iphoneos;
			};
			name = Debug;
		};
		1B95950D20D505E900121DC2 /* Release */ = {
			isa = XCBuildConfiguration;
			buildSettings = {
				ALWAYS_SEARCH_USER_PATHS = NO;
				CLANG_ANALYZER_NONNULL = YES;
				CLANG_ANALYZER_NUMBER_OBJECT_CONVERSION = YES_AGGRESSIVE;
				CLANG_CXX_LANGUAGE_STANDARD = "gnu++14";
				CLANG_CXX_LIBRARY = "libc++";
				CLANG_ENABLE_MODULES = YES;
				CLANG_ENABLE_OBJC_ARC = YES;
				CLANG_WARN_BLOCK_CAPTURE_AUTORELEASING = YES;
				CLANG_WARN_BOOL_CONVERSION = YES;
				CLANG_WARN_COMMA = YES;
				CLANG_WARN_CONSTANT_CONVERSION = YES;
				CLANG_WARN_DIRECT_OBJC_ISA_USAGE = YES_ERROR;
				CLANG_WARN_DOCUMENTATION_COMMENTS = YES;
				CLANG_WARN_EMPTY_BODY = YES;
				CLANG_WARN_ENUM_CONVERSION = YES;
				CLANG_WARN_INFINITE_RECURSION = YES;
				CLANG_WARN_INT_CONVERSION = YES;
				CLANG_WARN_NON_LITERAL_NULL_CONVERSION = YES;
				CLANG_WARN_OBJC_LITERAL_CONVERSION = YES;
				CLANG_WARN_OBJC_ROOT_CLASS = YES_ERROR;
				CLANG_WARN_RANGE_LOOP_ANALYSIS = YES;
				CLANG_WARN_STRICT_PROTOTYPES = YES;
				CLANG_WARN_SUSPICIOUS_MOVE = YES;
				CLANG_WARN_UNGUARDED_AVAILABILITY = YES_AGGRESSIVE;
				CLANG_WARN_UNREACHABLE_CODE = YES;
				CLANG_WARN__DUPLICATE_METHOD_MATCH = YES;
				CODE_SIGN_IDENTITY = "iPhone Developer";
				COPY_PHASE_STRIP = NO;
				DEBUG_INFORMATION_FORMAT = "dwarf-with-dsym";
				ENABLE_NS_ASSERTIONS = NO;
				ENABLE_STRICT_OBJC_MSGSEND = YES;
				GCC_C_LANGUAGE_STANDARD = gnu11;
				GCC_NO_COMMON_BLOCKS = YES;
				GCC_WARN_64_TO_32_BIT_CONVERSION = YES;
				GCC_WARN_ABOUT_RETURN_TYPE = YES_ERROR;
				GCC_WARN_UNDECLARED_SELECTOR = YES;
				GCC_WARN_UNINITIALIZED_AUTOS = YES_AGGRESSIVE;
				GCC_WARN_UNUSED_FUNCTION = YES;
				GCC_WARN_UNUSED_VARIABLE = YES;
				IPHONEOS_DEPLOYMENT_TARGET = 11.2;
				MTL_ENABLE_DEBUG_INFO = NO;
				SDKROOT = iphoneos;
				VALIDATE_PRODUCT = YES;
			};
			name = Release;
		};
		1B95950F20D505E900121DC2 /* Debug */ = {
			isa = XCBuildConfiguration;
			buildSettings = {
				ASSETCATALOG_COMPILER_APPICON_NAME = AppIcon;
				CODE_SIGN_STYLE = Automatic;
				DEVELOPMENT_TEAM = PGS44TR36V;
				INFOPLIST_FILE = "下载管理器/Info.plist";
				LD_RUNPATH_SEARCH_PATHS = "$(inherited) @executable_path/Frameworks";
				PRODUCT_BUNDLE_IDENTIFIER = "com.littledou.-----";
				PRODUCT_NAME = "$(TARGET_NAME)";
				TARGETED_DEVICE_FAMILY = "1,2";
			};
			name = Debug;
		};
		1B95951020D505E900121DC2 /* Release */ = {
			isa = XCBuildConfiguration;
			buildSettings = {
				ASSETCATALOG_COMPILER_APPICON_NAME = AppIcon;
				CODE_SIGN_STYLE = Automatic;
				DEVELOPMENT_TEAM = PGS44TR36V;
				INFOPLIST_FILE = "下载管理器/Info.plist";
				LD_RUNPATH_SEARCH_PATHS = "$(inherited) @executable_path/Frameworks";
				PRODUCT_BUNDLE_IDENTIFIER = "com.littledou.-----";
				PRODUCT_NAME = "$(TARGET_NAME)";
				TARGETED_DEVICE_FAMILY = "1,2";
			};
			name = Release;
		};
		1B95951220D505E900121DC2 /* Debug */ = {
			isa = XCBuildConfiguration;
			buildSettings = {
				BUNDLE_LOADER = "$(TEST_HOST)";
				CODE_SIGN_STYLE = Automatic;
				DEVELOPMENT_TEAM = PGS44TR36V;
				INFOPLIST_FILE = "下载管理器Tests/Info.plist";
				LD_RUNPATH_SEARCH_PATHS = "$(inherited) @executable_path/Frameworks @loader_path/Frameworks";
				PRODUCT_BUNDLE_IDENTIFIER = "com.littledou.-----Tests";
				PRODUCT_NAME = "$(TARGET_NAME)";
				TARGETED_DEVICE_FAMILY = "1,2";
				TEST_HOST = "$(BUILT_PRODUCTS_DIR)/下载管理器.app/下载管理器";
			};
			name = Debug;
		};
		1B95951320D505E900121DC2 /* Release */ = {
			isa = XCBuildConfiguration;
			buildSettings = {
				BUNDLE_LOADER = "$(TEST_HOST)";
				CODE_SIGN_STYLE = Automatic;
				DEVELOPMENT_TEAM = PGS44TR36V;
				INFOPLIST_FILE = "下载管理器Tests/Info.plist";
				LD_RUNPATH_SEARCH_PATHS = "$(inherited) @executable_path/Frameworks @loader_path/Frameworks";
				PRODUCT_BUNDLE_IDENTIFIER = "com.littledou.-----Tests";
				PRODUCT_NAME = "$(TARGET_NAME)";
				TARGETED_DEVICE_FAMILY = "1,2";
				TEST_HOST = "$(BUILT_PRODUCTS_DIR)/下载管理器.app/下载管理器";
			};
			name = Release;
		};
		1B95951520D505E900121DC2 /* Debug */ = {
			isa = XCBuildConfiguration;
			buildSettings = {
				CODE_SIGN_STYLE = Automatic;
				DEVELOPMENT_TEAM = PGS44TR36V;
				INFOPLIST_FILE = "下载管理器UITests/Info.plist";
				LD_RUNPATH_SEARCH_PATHS = "$(inherited) @executable_path/Frameworks @loader_path/Frameworks";
				PRODUCT_BUNDLE_IDENTIFIER = "com.littledou.-----UITests";
				PRODUCT_NAME = "$(TARGET_NAME)";
				TARGETED_DEVICE_FAMILY = "1,2";
				TEST_TARGET_NAME = "下载管理器";
			};
			name = Debug;
		};
		1B95951620D505E900121DC2 /* Release */ = {
			isa = XCBuildConfiguration;
			buildSettings = {
				CODE_SIGN_STYLE = Automatic;
				DEVELOPMENT_TEAM = PGS44TR36V;
				INFOPLIST_FILE = "下载管理器UITests/Info.plist";
				LD_RUNPATH_SEARCH_PATHS = "$(inherited) @executable_path/Frameworks @loader_path/Frameworks";
				PRODUCT_BUNDLE_IDENTIFIER = "com.littledou.-----UITests";
				PRODUCT_NAME = "$(TARGET_NAME)";
				TARGETED_DEVICE_FAMILY = "1,2";
				TEST_TARGET_NAME = "下载管理器";
			};
			name = Release;
		};
/* End XCBuildConfiguration section */

/* Begin XCConfigurationList section */
		1B9594DD20D505E900121DC2 /* Build configuration list for PBXProject "下载管理器" */ = {
			isa = XCConfigurationList;
			buildConfigurations = (
				1B95950C20D505E900121DC2 /* Debug */,
				1B95950D20D505E900121DC2 /* Release */,
			);
			defaultConfigurationIsVisible = 0;
			defaultConfigurationName = Release;
		};
		1B95950E20D505E900121DC2 /* Build configuration list for PBXNativeTarget "下载管理器" */ = {
			isa = XCConfigurationList;
			buildConfigurations = (
				1B95950F20D505E900121DC2 /* Debug */,
				1B95951020D505E900121DC2 /* Release */,
			);
			defaultConfigurationIsVisible = 0;
			defaultConfigurationName = Release;
		};
		1B95951120D505E900121DC2 /* Build configuration list for PBXNativeTarget "下载管理器Tests" */ = {
			isa = XCConfigurationList;
			buildConfigurations = (
				1B95951220D505E900121DC2 /* Debug */,
				1B95951320D505E900121DC2 /* Release */,
			);
			defaultConfigurationIsVisible = 0;
			defaultConfigurationName = Release;
		};
		1B95951420D505E900121DC2 /* Build configuration list for PBXNativeTarget "下载管理器UITests" */ = {
			isa = XCConfigurationList;
			buildConfigurations = (
				1B95951520D505E900121DC2 /* Debug */,
				1B95951620D505E900121DC2 /* Release */,
			);
			defaultConfigurationIsVisible = 0;
			defaultConfigurationName = Release;
		};
/* End XCConfigurationList section */
	};
	rootObject = 1B9594DA20D505E900121DC2 /* Project object */;
}
